
Microsoft Visual Studio Solution File, Format Version 12.00
# Visual Studio 15
VisualStudioVersion = 15.0.27130.2010
MinimumVisualStudioVersion = 10.0.40219.1
Project("{2150E333-8FDC-42A3-9474-1A3956D46DE8}") = "Solution Items", "Solution Items", "{9D00138B-D2D2-499F-9E19-F8E83D74B563}"
EndProject
Project("{FAE04EC0-301F-11D3-BF4B-00C04F79EFBC}") = "AtlusScriptLibrary", "AtlusScriptLibrary\AtlusScriptLibrary.csproj", "{62EE486F-AE33-4DBB-AC4C-409A22CB04AD}"
EndProject
Project("{FAE04EC0-301F-11D3-BF4B-00C04F79EFBC}") = "AtlusScriptLibraryTests", "AtlusScriptLibraryTests\AtlusScriptLibraryTests.csproj", "{0A43F5ED-1628-43E8-9572-511A7E4AC5BC}"
EndProject
Project("{FAE04EC0-301F-11D3-BF4B-00C04F79EFBC}") = "AtlusScriptCompiler", "AtlusScriptCompiler\AtlusScriptCompiler.csproj", "{58E13E8A-EA32-4627-A798-58E4648D812E}"
EndProject
Project("{2150E333-8FDC-42A3-9474-1A3956D46DE8}") = "Utilities", "Utilities", "{913E0C03-CF2B-4D8E-8A74-675EED60A103}"
EndProject
Project("{FAE04EC0-301F-11D3-BF4B-00C04F79EFBC}") = "AtlusMessageScriptExtractor", "Utilities\AtlusMessageScriptExtractor\AtlusMessageScriptExtractor.csproj", "{94101A4C-6C79-4FCB-AB3F-51059A0CCE02}"
EndProject
Project("{FAE04EC0-301F-11D3-BF4B-00C04F79EFBC}") = "AtlusFlowScriptExtractor", "Utilities\AtlusFlowScriptExtractor\AtlusFlowScriptExtractor.csproj", "{E1ADF5EA-ED9E-46D1-B5EF-4746AEC99BC3}"
EndProject
Project("{2150E333-8FDC-42A3-9474-1A3956D46DE8}") = ".build", ".build", "{249B6C2E-CB94-4B95-90B4-CC3498A6536E}"
	ProjectSection(SolutionItems) = preProject
		Build.proj = Build.proj
		.build\MSBuild.Community.Tasks.dll = .build\MSBuild.Community.Tasks.dll
		.build\MSBuild.Community.Tasks.targets = .build\MSBuild.Community.Tasks.targets
	EndProjectSection
EndProject
Project("{FAE04EC0-301F-11D3-BF4B-00C04F79EFBC}") = "AtlusScriptDocGen", "Utilities\AtlusScriptDocGen\AtlusScriptDocGen.csproj", "{CE27D066-5223-48A7-988B-E17CDC4323B0}"
EndProject
Project("{FAE04EC0-301F-11D3-BF4B-00C04F79EFBC}") = "DumpMessageIds", "DumpMessageIds\DumpMessageIds.csproj", "{2F74BD4D-BDF7-482A-AEC4-ACF5AAC22417}"
EndProject
Project("{FAE04EC0-301F-11D3-BF4B-00C04F79EFBC}") = "DumpProcedureIds", "DumpProcedureIds\DumpProcedureIds.csproj", "{8F86DE5B-EAC9-475A-BA4A-261A539DC65D}"
EndProject
Global
	GlobalSection(SolutionConfigurationPlatforms) = preSolution
		Debug|Any CPU = Debug|Any CPU
		Release|Any CPU = Release|Any CPU
	EndGlobalSection
	GlobalSection(ProjectConfigurationPlatforms) = postSolution
		{62EE486F-AE33-4DBB-AC4C-409A22CB04AD}.Debug|Any CPU.ActiveCfg = Debug|Any CPU
		{62EE486F-AE33-4DBB-AC4C-409A22CB04AD}.Debug|Any CPU.Build.0 = Debug|Any CPU
		{62EE486F-AE33-4DBB-AC4C-409A22CB04AD}.Release|Any CPU.ActiveCfg = Release|Any CPU
		{62EE486F-AE33-4DBB-AC4C-409A22CB04AD}.Release|Any CPU.Build.0 = Release|Any CPU
		{0A43F5ED-1628-43E8-9572-511A7E4AC5BC}.Debug|Any CPU.ActiveCfg = Debug|Any CPU
		{0A43F5ED-1628-43E8-9572-511A7E4AC5BC}.Debug|Any CPU.Build.0 = Debug|Any CPU
		{0A43F5ED-1628-43E8-9572-511A7E4AC5BC}.Release|Any CPU.ActiveCfg = Release|Any CPU
		{0A43F5ED-1628-43E8-9572-511A7E4AC5BC}.Release|Any CPU.Build.0 = Release|Any CPU
		{58E13E8A-EA32-4627-A798-58E4648D812E}.Debug|Any CPU.ActiveCfg = Debug|Any CPU
		{58E13E8A-EA32-4627-A798-58E4648D812E}.Debug|Any CPU.Build.0 = Debug|Any CPU
		{58E13E8A-EA32-4627-A798-58E4648D812E}.Release|Any CPU.ActiveCfg = Release|Any CPU
		{58E13E8A-EA32-4627-A798-58E4648D812E}.Release|Any CPU.Build.0 = Release|Any CPU
		{94101A4C-6C79-4FCB-AB3F-51059A0CCE02}.Debug|Any CPU.ActiveCfg = Debug|Any CPU
		{94101A4C-6C79-4FCB-AB3F-51059A0CCE02}.Debug|Any CPU.Build.0 = Debug|Any CPU
		{94101A4C-6C79-4FCB-AB3F-51059A0CCE02}.Release|Any CPU.ActiveCfg = Release|Any CPU
		{94101A4C-6C79-4FCB-AB3F-51059A0CCE02}.Release|Any CPU.Build.0 = Release|Any CPU
		{E1ADF5EA-ED9E-46D1-B5EF-4746AEC99BC3}.Debug|Any CPU.ActiveCfg = Debug|Any CPU
		{E1ADF5EA-ED9E-46D1-B5EF-4746AEC99BC3}.Debug|Any CPU.Build.0 = Debug|Any CPU
		{E1ADF5EA-ED9E-46D1-B5EF-4746AEC99BC3}.Release|Any CPU.ActiveCfg = Release|Any CPU
		{E1ADF5EA-ED9E-46D1-B5EF-4746AEC99BC3}.Release|Any CPU.Build.0 = Release|Any CPU
		{CE27D066-5223-48A7-988B-E17CDC4323B0}.Debug|Any CPU.ActiveCfg = Debug|Any CPU
		{CE27D066-5223-48A7-988B-E17CDC4323B0}.Debug|Any CPU.Build.0 = Debug|Any CPU
		{CE27D066-5223-48A7-988B-E17CDC4323B0}.Release|Any CPU.ActiveCfg = Release|Any CPU
		{CE27D066-5223-48A7-988B-E17CDC4323B0}.Release|Any CPU.Build.0 = Release|Any CPU
		{2F74BD4D-BDF7-482A-AEC4-ACF5AAC22417}.Debug|Any CPU.ActiveCfg = Debug|Any CPU
		{2F74BD4D-BDF7-482A-AEC4-ACF5AAC22417}.Debug|Any CPU.Build.0 = Debug|Any CPU
		{2F74BD4D-BDF7-482A-AEC4-ACF5AAC22417}.Release|Any CPU.ActiveCfg = Release|Any CPU
		{2F74BD4D-BDF7-482A-AEC4-ACF5AAC22417}.Release|Any CPU.Build.0 = Release|Any CPU
		{8F86DE5B-EAC9-475A-BA4A-261A539DC65D}.Debug|Any CPU.ActiveCfg = Debug|Any CPU
		{8F86DE5B-EAC9-475A-BA4A-261A539DC65D}.Debug|Any CPU.Build.0 = Debug|Any CPU
		{8F86DE5B-EAC9-475A-BA4A-261A539DC65D}.Release|Any CPU.ActiveCfg = Release|Any CPU
		{8F86DE5B-EAC9-475A-BA4A-261A539DC65D}.Release|Any CPU.Build.0 = Release|Any CPU
	EndGlobalSection
	GlobalSection(SolutionProperties) = preSolution
		HideSolutionNode = FALSE
	EndGlobalSection
	GlobalSection(NestedProjects) = preSolution
		{62EE486F-AE33-4DBB-AC4C-409A22CB04AD} = {9D00138B-D2D2-499F-9E19-F8E83D74B563}
		{0A43F5ED-1628-43E8-9572-511A7E4AC5BC} = {9D00138B-D2D2-499F-9E19-F8E83D74B563}
		{58E13E8A-EA32-4627-A798-58E4648D812E} = {9D00138B-D2D2-499F-9E19-F8E83D74B563}
		{913E0C03-CF2B-4D8E-8A74-675EED60A103} = {9D00138B-D2D2-499F-9E19-F8E83D74B563}
		{94101A4C-6C79-4FCB-AB3F-51059A0CCE02} = {913E0C03-CF2B-4D8E-8A74-675EED60A103}
		{E1ADF5EA-ED9E-46D1-B5EF-4746AEC99BC3} = {913E0C03-CF2B-4D8E-8A74-675EED60A103}
		{CE27D066-5223-48A7-988B-E17CDC4323B0} = {913E0C03-CF2B-4D8E-8A74-675EED60A103}
		{2F74BD4D-BDF7-482A-AEC4-ACF5AAC22417} = {913E0C03-CF2B-4D8E-8A74-675EED60A103}
		{8F86DE5B-EAC9-475A-BA4A-261A539DC65D} = {913E0C03-CF2B-4D8E-8A74-675EED60A103}
	EndGlobalSection
	GlobalSection(ExtensibilityGlobals) = postSolution
		SolutionGuid = {952AA893-5B3D-40CF-935D-7036C0028C9F}
	EndGlobalSection
EndGlobal
